
Microsoft Visual Studio Solution File, Format Version 12.00
# Visual Studio Version 17
VisualStudioVersion = 17.4.33213.308
MinimumVisualStudioVersion = 10.0.40219.1
Project("{FAE04EC0-301F-11D3-BF4B-00C04F79EFBC}") = "AadharVerification", "AadharVerification\AadharVerification.csproj", "{F408E0BB-D43D-4CCC-A978-44284C899B74}"
EndProject
Global
	GlobalSection(SolutionConfigurationPlatforms) = preSolution
		Debug|Any CPU = Debug|Any CPU
		Release|Any CPU = Release|Any CPU
	EndGlobalSection
	GlobalSection(ProjectConfigurationPlatforms) = postSolution
		{F408E0BB-D43D-4CCC-A978-44284C899B74}.Debug|Any CPU.ActiveCfg = Debug|Any CPU
		{F408E0BB-D43D-4CCC-A978-44284C899B74}.Debug|Any CPU.Build.0 = Debug|Any CPU
		{F408E0BB-D43D-4CCC-A978-44284C899B74}.Release|Any CPU.ActiveCfg = Release|Any CPU
		{F408E0BB-D43D-4CCC-A978-44284C899B74}.Release|Any CPU.Build.0 = Release|Any CPU
	EndGlobalSection
	GlobalSection(SolutionProperties) = preSolution
		HideSolutionNode = FALSE
	EndGlobalSection
	GlobalSection(ExtensibilityGlobals) = postSolution
		SolutionGuid = {586239D1-D917-4698-AB9F-1149A8E7557F}
	EndGlobalSection
EndGlobal
